
Microsoft Visual Studio Solution File, Format Version 12.00
# Visual Studio Version 16
VisualStudioVersion = 16.0.32002.261
MinimumVisualStudioVersion = 10.0.40219.1
Project("{FAE04EC0-301F-11D3-BF4B-00C04F79EFBC}") = "MyFirstASPNETWebApp", "MyFirstASPNETWebApp\MyFirstASPNETWebApp.csproj", "{CD913774-D207-4E2B-A077-393C0315E2E5}"
EndProject
Global
	GlobalSection(SolutionConfigurationPlatforms) = preSolution
		Debug|Any CPU = Debug|Any CPU
		Release|Any CPU = Release|Any CPU
	EndGlobalSection
	GlobalSection(ProjectConfigurationPlatforms) = postSolution
		{CD913774-D207-4E2B-A077-393C0315E2E5}.Debug|Any CPU.ActiveCfg = Debug|Any CPU
		{CD913774-D207-4E2B-A077-393C0315E2E5}.Debug|Any CPU.Build.0 = Debug|Any CPU
		{CD913774-D207-4E2B-A077-393C0315E2E5}.Release|Any CPU.ActiveCfg = Release|Any CPU
		{CD913774-D207-4E2B-A077-393C0315E2E5}.Release|Any CPU.Build.0 = Release|Any CPU
	EndGlobalSection
	GlobalSection(SolutionProperties) = preSolution
		HideSolutionNode = FALSE
	EndGlobalSection
	GlobalSection(ExtensibilityGlobals) = postSolution
		SolutionGuid = {3B600909-394C-42F8-AC47-DF7E60A08FDC}
	EndGlobalSection
EndGlobal
